{
  "name": "dashboard",
  "version": "1.0.0",
  "lockfileVersion": 3,
  "requires": true,
  "packages": {
    "": {
      "name": "dashboard",
      "version": "1.0.0",
      "license": "ISC",
      "dependencies": {
        "chart.js": "^4.4.6",
        "flatpickr": "^4.6.13",
        "progressbar.js": "^1.1.1"
      },
      "devDependencies": {
        "@eslint/js": "^9.13.0",
        "globals": "^15.11.0"
      }
    },
    "node_modules/@eslint/js": {
      "version": "9.13.0",
      "resolved": "https://registry.npmjs.org/@eslint/js/-/js-9.13.0.tgz",
      "integrity": "sha512-IFLyoY4d72Z5y/6o/BazFBezupzI/taV8sGumxTAVw3lXG9A6md1Dc34T9s1FoD/an9pJH8RHbAxsaEbBed9lA==",
      "dev": true,
      "license": "MIT",
      "engines": {
        "node": "^18.18.0 || ^20.9.0 || >=21.1.0"
      }
    },
    "node_modules/@kurkle/color": {
      "version": "0.3.2",
      "resolved": "https://registry.npmjs.org/@kurkle/color/-/color-0.3.2.tgz",
      "integrity": "sha512-fuscdXJ9G1qb7W8VdHi+IwRqij3lBkosAm4ydQtEmbY58OzHXqQhvlxqEkoz0yssNVn38bcpRWgA9PP+OGoisw==",
      "license": "MIT"
    },
    "node_modules/chart.js": {
      "version": "4.4.6",
      "resolved": "https://registry.npmjs.org/chart.js/-/chart.js-4.4.6.tgz",
      "integrity": "sha512-8Y406zevUPbbIBA/HRk33khEmQPk5+cxeflWE/2rx1NJsjVWMPw/9mSP9rxHP5eqi6LNoPBVMfZHxbwLSgldYA==",
      "license": "MIT",
      "dependencies": {
        "@kurkle/color": "^0.3.0"
      },
      "engines": {
        "pnpm": ">=8"
      }
    },
    "node_modules/flatpickr": {
      "version": "4.6.13",
      "resolved": "https://registry.npmjs.org/flatpickr/-/flatpickr-4.6.13.tgz",
      "integrity": "sha512-97PMG/aywoYpB4IvbvUJi0RQi8vearvU0oov1WW3k0WZPBMrTQVqekSX5CjSG/M4Q3i6A/0FKXC7RyAoAUUSPw==",
      "license": "MIT"
    },
    "node_modules/fsevents": {
      "version": "2.3.3",
      "resolved": "https://registry.npmjs.org/fsevents/-/fsevents-2.3.3.tgz",
      "integrity": "sha512-5xoDfX+fL7faATnagmWPpbFtwh/R77WmMMqqHGS65C3vvB0YHrgF+B1YmZ3441tMj5n63k0212XNoJwzlhffQw==",
      "hasInstallScript": true,
      "license": "MIT",
      "optional": true,
      "os": [
        "darwin"
      ],
      "engines": {
        "node": "^8.16.0 || ^10.6.0 || >=11.0.0"
      }
    },
    "node_modules/globals": {
      "version": "15.11.0",
      "resolved": "https://registry.npmjs.org/globals/-/globals-15.11.0.tgz",
      "integrity": "sha512-yeyNSjdbyVaWurlwCpcA6XNBrHTMIeDdj0/hnvX/OLJ9ekOXYbLsLinH/MucQyGvNnXhidTdNhTtJaffL2sMfw==",
      "dev": true,
      "license": "MIT",
      "engines": {
        "node": ">=18"
      },
      "funding": {
        "url": "https://github.com/sponsors/sindresorhus"
      }
    },
    "node_modules/lodash.merge": {
      "version": "4.6.2",
      "resolved": "https://registry.npmjs.org/lodash.merge/-/lodash.merge-4.6.2.tgz",
      "integrity": "sha512-0KpjqXRVvrYyCsX1swR/XTK0va6VQkQM6MNo7PqW77ByjAhoARA8EfrP1N4+KlKj8YS0ZUCtRT/YUuhyYDujIQ==",
      "license": "MIT"
    },
    "node_modules/progressbar.js": {
      "version": "1.1.1",
      "resolved": "https://registry.npmjs.org/progressbar.js/-/progressbar.js-1.1.1.tgz",
      "integrity": "sha512-FBsw3BKsUbb+hNeYfiP3xzvAAQrPi4DnGDw66bCmfuRCDLcslxyxv2GyYUdBSKFGSIBa73CUP5WMcl6F8AAXlw==",
      "license": "MIT",
      "dependencies": {
        "lodash.merge": "^4.6.2",
        "shifty": "^2.8.3"
      }
    },
    "node_modules/shifty": {
      "version": "2.20.4",
      "resolved": "https://registry.npmjs.org/shifty/-/shifty-2.20.4.tgz",
      "integrity": "sha512-4Y0qRkg8ME5XN8yGNAwmFOmsIURGFKT9UQfNL6DDJQErYtN5HsjyoBuJn41ZQfTkuu2rIbRMn9qazjKsDpO2TA==",
      "license": "MIT",
      "optionalDependencies": {
        "fsevents": "^2.3.2"
      }
    }
  }
}
